
Microsoft Visual Studio Solution File, Format Version 12.00
# Visual Studio Version 16
VisualStudioVersion = 16.0.30804.86
MinimumVisualStudioVersion = 10.0.40219.1
Project("{9A19103F-16F7-4668-BE54-9A1E7A4F7556}") = "Antares.Sdk", "src\Lykke.Sdk\Antares.Sdk.csproj", "{A121D66B-D07B-40E5-AA55-EA382D68D8D5}"
EndProject
Global
	GlobalSection(SolutionConfigurationPlatforms) = preSolution
		Debug|Any CPU = Debug|Any CPU
		Release|Any CPU = Release|Any CPU
	EndGlobalSection
	GlobalSection(ProjectConfigurationPlatforms) = postSolution
		{A121D66B-D07B-40E5-AA55-EA382D68D8D5}.Debug|Any CPU.ActiveCfg = Debug|Any CPU
		{A121D66B-D07B-40E5-AA55-EA382D68D8D5}.Debug|Any CPU.Build.0 = Debug|Any CPU
		{A121D66B-D07B-40E5-AA55-EA382D68D8D5}.Release|Any CPU.ActiveCfg = Release|Any CPU
		{A121D66B-D07B-40E5-AA55-EA382D68D8D5}.Release|Any CPU.Build.0 = Release|Any CPU
	EndGlobalSection
	GlobalSection(SolutionProperties) = preSolution
		HideSolutionNode = FALSE
	EndGlobalSection
	GlobalSection(ExtensibilityGlobals) = postSolution
		SolutionGuid = {68CC6057-237A-4D35-BD66-26D5ED24EA8A}
	EndGlobalSection
EndGlobal
